// !$*UTF8*$!
{
	archiveVersion = 1;
	classes = {
	};
	objectVersion = 56;
	objects = {

/* Begin PBXBuildFile section */
		E52AE0A32920297200AA7361 /* AppDelegate.swift in Sources */ = {isa = PBXBuildFile; fileRef = E52AE0A22920297200AA7361 /* AppDelegate.swift */; };
		E52AE0A52920297200AA7361 /* SceneDelegate.swift in Sources */ = {isa = PBXBuildFile; fileRef = E52AE0A42920297200AA7361 /* SceneDelegate.swift */; };
		E52AE0AC2920297500AA7361 /* Assets.xcassets in Resources */ = {isa = PBXBuildFile; fileRef = E52AE0AB2920297500AA7361 /* Assets.xcassets */; };
		E52AE0AF2920297500AA7361 /* LaunchScreen.storyboard in Resources */ = {isa = PBXBuildFile; fileRef = E52AE0AD2920297500AA7361 /* LaunchScreen.storyboard */; };
		E55BF039292044AD005CA6BB /* Moya in Frameworks */ = {isa = PBXBuildFile; productRef = E55BF038292044AD005CA6BB /* Moya */; };
		E55BF03C292044DD005CA6BB /* NetworkLayer.swift in Sources */ = {isa = PBXBuildFile; fileRef = E55BF03B292044DD005CA6BB /* NetworkLayer.swift */; };
		E55BF03F29204915005CA6BB /* WeatherResponse.swift in Sources */ = {isa = PBXBuildFile; fileRef = E55BF03E29204915005CA6BB /* WeatherResponse.swift */; };
		E55BF045292049B6005CA6BB /* MainViewController.swift in Sources */ = {isa = PBXBuildFile; fileRef = E55BF044292049B6005CA6BB /* MainViewController.swift */; };
		E55BF047292049CF005CA6BB /* MainView.swift in Sources */ = {isa = PBXBuildFile; fileRef = E55BF046292049CF005CA6BB /* MainView.swift */; };
		E55BF049292049F7005CA6BB /* MainViewModel.swift in Sources */ = {isa = PBXBuildFile; fileRef = E55BF048292049F7005CA6BB /* MainViewModel.swift */; };
		E55BF04C29217030005CA6BB /* TabBarViewController.swift in Sources */ = {isa = PBXBuildFile; fileRef = E55BF04B29217030005CA6BB /* TabBarViewController.swift */; };
		E58062332922FCFD0029C1F4 /* Kingfisher in Frameworks */ = {isa = PBXBuildFile; productRef = E58062322922FCFD0029C1F4 /* Kingfisher */; };
/* End PBXBuildFile section */

/* Begin PBXFileReference section */
		E52AE09F2920297200AA7361 /* WeatherMe.app */ = {isa = PBXFileReference; explicitFileType = wrapper.application; includeInIndex = 0; path = WeatherMe.app; sourceTree = BUILT_PRODUCTS_DIR; };
		E52AE0A22920297200AA7361 /* AppDelegate.swift */ = {isa = PBXFileReference; lastKnownFileType = sourcecode.swift; path = AppDelegate.swift; sourceTree = "<group>"; };
		E52AE0A42920297200AA7361 /* SceneDelegate.swift */ = {isa = PBXFileReference; lastKnownFileType = sourcecode.swift; path = SceneDelegate.swift; sourceTree = "<group>"; };
		E52AE0AB2920297500AA7361 /* Assets.xcassets */ = {isa = PBXFileReference; lastKnownFileType = folder.assetcatalog; path = Assets.xcassets; sourceTree = "<group>"; };
		E52AE0AE2920297500AA7361 /* Base */ = {isa = PBXFileReference; lastKnownFileType = file.storyboard; name = Base; path = Base.lproj/LaunchScreen.storyboard; sourceTree = "<group>"; };
		E52AE0B02920297500AA7361 /* Info.plist */ = {isa = PBXFileReference; lastKnownFileType = text.plist.xml; path = Info.plist; sourceTree = "<group>"; };
		E55BF03B292044DD005CA6BB /* NetworkLayer.swift */ = {isa = PBXFileReference; lastKnownFileType = sourcecode.swift; path = NetworkLayer.swift; sourceTree = "<group>"; };
		E55BF03E29204915005CA6BB /* WeatherResponse.swift */ = {isa = PBXFileReference; lastKnownFileType = sourcecode.swift; path = WeatherResponse.swift; sourceTree = "<group>"; };
		E55BF044292049B6005CA6BB /* MainViewController.swift */ = {isa = PBXFileReference; lastKnownFileType = sourcecode.swift; path = MainViewController.swift; sourceTree = "<group>"; };
		E55BF046292049CF005CA6BB /* MainView.swift */ = {isa = PBXFileReference; lastKnownFileType = sourcecode.swift; path = MainView.swift; sourceTree = "<group>"; };
		E55BF048292049F7005CA6BB /* MainViewModel.swift */ = {isa = PBXFileReference; lastKnownFileType = sourcecode.swift; path = MainViewModel.swift; sourceTree = "<group>"; };
		E55BF04B29217030005CA6BB /* TabBarViewController.swift */ = {isa = PBXFileReference; lastKnownFileType = sourcecode.swift; path = TabBarViewController.swift; sourceTree = "<group>"; };
/* End PBXFileReference section */

/* Begin PBXFrameworksBuildPhase section */
		E52AE09C2920297200AA7361 /* Frameworks */ = {
			isa = PBXFrameworksBuildPhase;
			buildActionMask = 2147483647;
			files = (
				E58062332922FCFD0029C1F4 /* Kingfisher in Frameworks */,
				E55BF039292044AD005CA6BB /* Moya in Frameworks */,
			);
			runOnlyForDeploymentPostprocessing = 0;
		};
/* End PBXFrameworksBuildPhase section */

/* Begin PBXGroup section */
		E52AE0962920297200AA7361 = {
			isa = PBXGroup;
			children = (
				E52AE0A12920297200AA7361 /* WeatherMe */,
				E52AE0A02920297200AA7361 /* Products */,
			);
			sourceTree = "<group>";
		};
		E52AE0A02920297200AA7361 /* Products */ = {
			isa = PBXGroup;
			children = (
				E52AE09F2920297200AA7361 /* WeatherMe.app */,
			);
			name = Products;
			sourceTree = "<group>";
		};
		E52AE0A12920297200AA7361 /* WeatherMe */ = {
			isa = PBXGroup;
			children = (
				E52AE0B62920298700AA7361 /* App */,
				E52AE0BB29202A0600AA7361 /* Screens */,
			);
			path = WeatherMe;
			sourceTree = "<group>";
		};
		E52AE0B62920298700AA7361 /* App */ = {
			isa = PBXGroup;
			children = (
				E55BF03A292044B7005CA6BB /* Core */,
				E52AE0BA292029B600AA7361 /* Base */,
				E52AE0B9292029AD00AA7361 /* Assests */,
				E52AE0B8292029A100AA7361 /* Plists */,
				E52AE0B72920298F00AA7361 /* Delegates */,
			);
			path = App;
			sourceTree = "<group>";
		};
		E52AE0B72920298F00AA7361 /* Delegates */ = {
			isa = PBXGroup;
			children = (
				E52AE0A22920297200AA7361 /* AppDelegate.swift */,
				E52AE0A42920297200AA7361 /* SceneDelegate.swift */,
			);
			path = Delegates;
			sourceTree = "<group>";
		};
		E52AE0B8292029A100AA7361 /* Plists */ = {
			isa = PBXGroup;
			children = (
				E52AE0B02920297500AA7361 /* Info.plist */,
			);
			path = Plists;
			sourceTree = "<group>";
		};
		E52AE0B9292029AD00AA7361 /* Assests */ = {
			isa = PBXGroup;
			children = (
				E52AE0AB2920297500AA7361 /* Assets.xcassets */,
			);
			path = Assests;
			sourceTree = "<group>";
		};
		E52AE0BA292029B600AA7361 /* Base */ = {
			isa = PBXGroup;
			children = (
				E52AE0AD2920297500AA7361 /* LaunchScreen.storyboard */,
			);
			path = Base;
			sourceTree = "<group>";
		};
		E52AE0BB29202A0600AA7361 /* Screens */ = {
			isa = PBXGroup;
			children = (
				E55BF04A29217001005CA6BB /* TabBar */,
				E55BF04029204956005CA6BB /* MainScreen */,
				E55BF03D292048FD005CA6BB /* Model */,
			);
			path = Screens;
			sourceTree = "<group>";
		};
		E55BF03A292044B7005CA6BB /* Core */ = {
			isa = PBXGroup;
			children = (
				E55BF03B292044DD005CA6BB /* NetworkLayer.swift */,
			);
			path = Core;
			sourceTree = "<group>";
		};
		E55BF03D292048FD005CA6BB /* Model */ = {
			isa = PBXGroup;
			children = (
				E55BF03E29204915005CA6BB /* WeatherResponse.swift */,
			);
			path = Model;
			sourceTree = "<group>";
		};
		E55BF04029204956005CA6BB /* MainScreen */ = {
			isa = PBXGroup;
			children = (
				E55BF04129204964005CA6BB /* View */,
				E55BF0422920496C005CA6BB /* ViewModel */,
				E55BF04329204976005CA6BB /* Controller */,
			);
			path = MainScreen;
			sourceTree = "<group>";
		};
		E55BF04129204964005CA6BB /* View */ = {
			isa = PBXGroup;
			children = (
				E55BF046292049CF005CA6BB /* MainView.swift */,
			);
			path = View;
			sourceTree = "<group>";
		};
		E55BF0422920496C005CA6BB /* ViewModel */ = {
			isa = PBXGroup;
			children = (
				E55BF048292049F7005CA6BB /* MainViewModel.swift */,
			);
			path = ViewModel;
			sourceTree = "<group>";
		};
		E55BF04329204976005CA6BB /* Controller */ = {
			isa = PBXGroup;
			children = (
				E55BF044292049B6005CA6BB /* MainViewController.swift */,
			);
			path = Controller;
			sourceTree = "<group>";
		};
		E55BF04A29217001005CA6BB /* TabBar */ = {
			isa = PBXGroup;
			children = (
				E55BF04B29217030005CA6BB /* TabBarViewController.swift */,
			);
			path = TabBar;
			sourceTree = "<group>";
		};
/* End PBXGroup section */

/* Begin PBXNativeTarget section */
		E52AE09E2920297200AA7361 /* WeatherMe */ = {
			isa = PBXNativeTarget;
			buildConfigurationList = E52AE0B32920297500AA7361 /* Build configuration list for PBXNativeTarget "WeatherMe" */;
			buildPhases = (
				E52AE09B2920297200AA7361 /* Sources */,
				E52AE09C2920297200AA7361 /* Frameworks */,
				E52AE09D2920297200AA7361 /* Resources */,
			);
			buildRules = (
			);
			dependencies = (
			);
			name = WeatherMe;
			packageProductDependencies = (
				E55BF038292044AD005CA6BB /* Moya */,
				E58062322922FCFD0029C1F4 /* Kingfisher */,
			);
			productName = WeatherMe;
			productReference = E52AE09F2920297200AA7361 /* WeatherMe.app */;
			productType = "com.apple.product-type.application";
		};
/* End PBXNativeTarget section */

/* Begin PBXProject section */
		E52AE0972920297200AA7361 /* Project object */ = {
			isa = PBXProject;
			attributes = {
				BuildIndependentTargetsInParallel = 1;
				LastSwiftUpdateCheck = 1400;
				LastUpgradeCheck = 1400;
				TargetAttributes = {
					E52AE09E2920297200AA7361 = {
						CreatedOnToolsVersion = 14.0.1;
					};
				};
			};
			buildConfigurationList = E52AE09A2920297200AA7361 /* Build configuration list for PBXProject "WeatherMe" */;
			compatibilityVersion = "Xcode 14.0";
			developmentRegion = en;
			hasScannedForEncodings = 0;
			knownRegions = (
				en,
				Base,
			);
			mainGroup = E52AE0962920297200AA7361;
			packageReferences = (
				E55BF037292044AD005CA6BB /* XCRemoteSwiftPackageReference "Moya" */,
				E58062312922FCFD0029C1F4 /* XCRemoteSwiftPackageReference "Kingfisher" */,
			);
			productRefGroup = E52AE0A02920297200AA7361 /* Products */;
			projectDirPath = "";
			projectRoot = "";
			targets = (
				E52AE09E2920297200AA7361 /* WeatherMe */,
			);
		};
/* End PBXProject section */

/* Begin PBXResourcesBuildPhase section */
		E52AE09D2920297200AA7361 /* Resources */ = {
			isa = PBXResourcesBuildPhase;
			buildActionMask = 2147483647;
			files = (
				E52AE0AF2920297500AA7361 /* LaunchScreen.storyboard in Resources */,
				E52AE0AC2920297500AA7361 /* Assets.xcassets in Resources */,
			);
			runOnlyForDeploymentPostprocessing = 0;
		};
/* End PBXResourcesBuildPhase section */

/* Begin PBXSourcesBuildPhase section */
		E52AE09B2920297200AA7361 /* Sources */ = {
			isa = PBXSourcesBuildPhase;
			buildActionMask = 2147483647;
			files = (
				E55BF03C292044DD005CA6BB /* NetworkLayer.swift in Sources */,
				E55BF047292049CF005CA6BB /* MainView.swift in Sources */,
				E55BF03F29204915005CA6BB /* WeatherResponse.swift in Sources */,
				E55BF04C29217030005CA6BB /* TabBarViewController.swift in Sources */,
				E55BF045292049B6005CA6BB /* MainViewController.swift in Sources */,
				E52AE0A32920297200AA7361 /* AppDelegate.swift in Sources */,
				E52AE0A52920297200AA7361 /* SceneDelegate.swift in Sources */,
				E55BF049292049F7005CA6BB /* MainViewModel.swift in Sources */,
			);
			runOnlyForDeploymentPostprocessing = 0;
		};
/* End PBXSourcesBuildPhase section */

/* Begin PBXVariantGroup section */
		E52AE0AD2920297500AA7361 /* LaunchScreen.storyboard */ = {
			isa = PBXVariantGroup;
			children = (
				E52AE0AE2920297500AA7361 /* Base */,
			);
			name = LaunchScreen.storyboard;
			sourceTree = "<group>";
		};
/* End PBXVariantGroup section */

/* Begin XCBuildConfiguration section */
		E52AE0B12920297500AA7361 /* Debug */ = {
			isa = XCBuildConfiguration;
			buildSettings = {
				ALWAYS_SEARCH_USER_PATHS = NO;
				CLANG_ANALYZER_NONNULL = YES;
				CLANG_ANALYZER_NUMBER_OBJECT_CONVERSION = YES_AGGRESSIVE;
				CLANG_CXX_LANGUAGE_STANDARD = "gnu++20";
				CLANG_ENABLE_MODULES = YES;
				CLANG_ENABLE_OBJC_ARC = YES;
				CLANG_ENABLE_OBJC_WEAK = YES;
				CLANG_WARN_BLOCK_CAPTURE_AUTORELEASING = YES;
				CLANG_WARN_BOOL_CONVERSION = YES;
				CLANG_WARN_COMMA = YES;
				CLANG_WARN_CONSTANT_CONVERSION = YES;
				CLANG_WARN_DEPRECATED_OBJC_IMPLEMENTATIONS = YES;
				CLANG_WARN_DIRECT_OBJC_ISA_USAGE = YES_ERROR;
				CLANG_WARN_DOCUMENTATION_COMMENTS = YES;
				CLANG_WARN_EMPTY_BODY = YES;
				CLANG_WARN_ENUM_CONVERSION = YES;
				CLANG_WARN_INFINITE_RECURSION = YES;
				CLANG_WARN_INT_CONVERSION = YES;
				CLANG_WARN_NON_LITERAL_NULL_CONVERSION = YES;
				CLANG_WARN_OBJC_IMPLICIT_RETAIN_SELF = YES;
				CLANG_WARN_OBJC_LITERAL_CONVERSION = YES;
				CLANG_WARN_OBJC_ROOT_CLASS = YES_ERROR;
				CLANG_WARN_QUOTED_INCLUDE_IN_FRAMEWORK_HEADER = YES;
				CLANG_WARN_RANGE_LOOP_ANALYSIS = YES;
				CLANG_WARN_STRICT_PROTOTYPES = YES;
				CLANG_WARN_SUSPICIOUS_MOVE = YES;
				CLANG_WARN_UNGUARDED_AVAILABILITY = YES_AGGRESSIVE;
				CLANG_WARN_UNREACHABLE_CODE = YES;
				CLANG_WARN__DUPLICATE_METHOD_MATCH = YES;
				COPY_PHASE_STRIP = NO;
				DEBUG_INFORMATION_FORMAT = dwarf;
				ENABLE_STRICT_OBJC_MSGSEND = YES;
				ENABLE_TESTABILITY = YES;
				GCC_C_LANGUAGE_STANDARD = gnu11;
				GCC_DYNAMIC_NO_PIC = NO;
				GCC_NO_COMMON_BLOCKS = YES;
				GCC_OPTIMIZATION_LEVEL = 0;
				GCC_PREPROCESSOR_DEFINITIONS = (
					"DEBUG=1",
					"$(inherited)",
				);
				GCC_WARN_64_TO_32_BIT_CONVERSION = YES;
				GCC_WARN_ABOUT_RETURN_TYPE = YES_ERROR;
				GCC_WARN_UNDECLARED_SELECTOR = YES;
				GCC_WARN_UNINITIALIZED_AUTOS = YES_AGGRESSIVE;
				GCC_WARN_UNUSED_FUNCTION = YES;
				GCC_WARN_UNUSED_VARIABLE = YES;
				IPHONEOS_DEPLOYMENT_TARGET = 15.0;
				MTL_ENABLE_DEBUG_INFO = INCLUDE_SOURCE;
				MTL_FAST_MATH = YES;
				ONLY_ACTIVE_ARCH = YES;
				SDKROOT = iphoneos;
				SWIFT_ACTIVE_COMPILATION_CONDITIONS = DEBUG;
				SWIFT_OPTIMIZATION_LEVEL = "-Onone";
			};
			name = Debug;
		};
		E52AE0B22920297500AA7361 /* Release */ = {
			isa = XCBuildConfiguration;
			buildSettings = {
				ALWAYS_SEARCH_USER_PATHS = NO;
				CLANG_ANALYZER_NONNULL = YES;
				CLANG_ANALYZER_NUMBER_OBJECT_CONVERSION = YES_AGGRESSIVE;
				CLANG_CXX_LANGUAGE_STANDARD = "gnu++20";
				CLANG_ENABLE_MODULES = YES;
				CLANG_ENABLE_OBJC_ARC = YES;
				CLANG_ENABLE_OBJC_WEAK = YES;
				CLANG_WARN_BLOCK_CAPTURE_AUTORELEASING = YES;
				CLANG_WARN_BOOL_CONVERSION = YES;
				CLANG_WARN_COMMA = YES;
				CLANG_WARN_CONSTANT_CONVERSION = YES;
				CLANG_WARN_DEPRECATED_OBJC_IMPLEMENTATIONS = YES;
				CLANG_WARN_DIRECT_OBJC_ISA_USAGE = YES_ERROR;
				CLANG_WARN_DOCUMENTATION_COMMENTS = YES;
				CLANG_WARN_EMPTY_BODY = YES;
				CLANG_WARN_ENUM_CONVERSION = YES;
				CLANG_WARN_INFINITE_RECURSION = YES;
				CLANG_WARN_INT_CONVERSION = YES;
				CLANG_WARN_NON_LITERAL_NULL_CONVERSION = YES;
				CLANG_WARN_OBJC_IMPLICIT_RETAIN_SELF = YES;
				CLANG_WARN_OBJC_LITERAL_CONVERSION = YES;
				CLANG_WARN_OBJC_ROOT_CLASS = YES_ERROR;
				CLANG_WARN_QUOTED_INCLUDE_IN_FRAMEWORK_HEADER = YES;
				CLANG_WARN_RANGE_LOOP_ANALYSIS = YES;
				CLANG_WARN_STRICT_PROTOTYPES = YES;
				CLANG_WARN_SUSPICIOUS_MOVE = YES;
				CLANG_WARN_UNGUARDED_AVAILABILITY = YES_AGGRESSIVE;
				CLANG_WARN_UNREACHABLE_CODE = YES;
				CLANG_WARN__DUPLICATE_METHOD_MATCH = YES;
				COPY_PHASE_STRIP = NO;
				DEBUG_INFORMATION_FORMAT = "dwarf-with-dsym";
				ENABLE_NS_ASSERTIONS = NO;
				ENABLE_STRICT_OBJC_MSGSEND = YES;
				GCC_C_LANGUAGE_STANDARD = gnu11;
				GCC_NO_COMMON_BLOCKS = YES;
				GCC_WARN_64_TO_32_BIT_CONVERSION = YES;
				GCC_WARN_ABOUT_RETURN_TYPE = YES_ERROR;
				GCC_WARN_UNDECLARED_SELECTOR = YES;
				GCC_WARN_UNINITIALIZED_AUTOS = YES_AGGRESSIVE;
				GCC_WARN_UNUSED_FUNCTION = YES;
				GCC_WARN_UNUSED_VARIABLE = YES;
				IPHONEOS_DEPLOYMENT_TARGET = 15.0;
				MTL_ENABLE_DEBUG_INFO = NO;
				MTL_FAST_MATH = YES;
				SDKROOT = iphoneos;
				SWIFT_COMPILATION_MODE = wholemodule;
				SWIFT_OPTIMIZATION_LEVEL = "-O";
				VALIDATE_PRODUCT = YES;
			};
			name = Release;
		};
		E52AE0B42920297500AA7361 /* Debug */ = {
			isa = XCBuildConfiguration;
			buildSettings = {
				ASSETCATALOG_COMPILER_APPICON_NAME = AppIcon;
				ASSETCATALOG_COMPILER_GLOBAL_ACCENT_COLOR_NAME = AccentColor;
				CODE_SIGN_STYLE = Automatic;
				CURRENT_PROJECT_VERSION = 1;
				DEVELOPMENT_TEAM = 5JW46KNSWA;
				GENERATE_INFOPLIST_FILE = YES;
				INFOPLIST_FILE = WeatherMe/App/Plists/Info.plist;
				INFOPLIST_KEY_UIApplicationSupportsIndirectInputEvents = YES;
				INFOPLIST_KEY_UILaunchStoryboardName = LaunchScreen;
				INFOPLIST_KEY_UISupportedInterfaceOrientations_iPad = "UIInterfaceOrientationPortrait UIInterfaceOrientationPortraitUpsideDown UIInterfaceOrientationLandscapeLeft UIInterfaceOrientationLandscapeRight";
				INFOPLIST_KEY_UISupportedInterfaceOrientations_iPhone = "UIInterfaceOrientationPortrait UIInterfaceOrientationLandscapeLeft UIInterfaceOrientationLandscapeRight";
				LD_RUNPATH_SEARCH_PATHS = (
					"$(inherited)",
					"@executable_path/Frameworks",
				);
				MARKETING_VERSION = 1.0;
				PRODUCT_BUNDLE_IDENTIFIER = com.eymenVarilci.WeatherMe;
				PRODUCT_NAME = "$(TARGET_NAME)";
				SUPPORTED_PLATFORMS = "iphoneos iphonesimulator";
				SUPPORTS_MACCATALYST = NO;
				SUPPORTS_MAC_DESIGNED_FOR_IPHONE_IPAD = NO;
				SWIFT_EMIT_LOC_STRINGS = YES;
				SWIFT_VERSION = 5.0;
				TARGETED_DEVICE_FAMILY = 1;
			};
			name = Debug;
		};
		E52AE0B52920297500AA7361 /* Release */ = {
			isa = XCBuildConfiguration;
			buildSettings = {
				ASSETCATALOG_COMPILER_APPICON_NAME = AppIcon;
				ASSETCATALOG_COMPILER_GLOBAL_ACCENT_COLOR_NAME = AccentColor;
				CODE_SIGN_STYLE = Automatic;
				CURRENT_PROJECT_VERSION = 1;
				DEVELOPMENT_TEAM = 5JW46KNSWA;
				GENERATE_INFOPLIST_FILE = YES;
				INFOPLIST_FILE = WeatherMe/App/Plists/Info.plist;
				INFOPLIST_KEY_UIApplicationSupportsIndirectInputEvents = YES;
				INFOPLIST_KEY_UILaunchStoryboardName = LaunchScreen;
				INFOPLIST_KEY_UISupportedInterfaceOrientations_iPad = "UIInterfaceOrientationPortrait UIInterfaceOrientationPortraitUpsideDown UIInterfaceOrientationLandscapeLeft UIInterfaceOrientationLandscapeRight";
				INFOPLIST_KEY_UISupportedInterfaceOrientations_iPhone = "UIInterfaceOrientationPortrait UIInterfaceOrientationLandscapeLeft UIInterfaceOrientationLandscapeRight";
				LD_RUNPATH_SEARCH_PATHS = (
					"$(inherited)",
					"@executable_path/Frameworks",
				);
				MARKETING_VERSION = 1.0;
				PRODUCT_BUNDLE_IDENTIFIER = com.eymenVarilci.WeatherMe;
				PRODUCT_NAME = "$(TARGET_NAME)";
				SUPPORTED_PLATFORMS = "iphoneos iphonesimulator";
				SUPPORTS_MACCATALYST = NO;
				SUPPORTS_MAC_DESIGNED_FOR_IPHONE_IPAD = NO;
				SWIFT_EMIT_LOC_STRINGS = YES;
				SWIFT_VERSION = 5.0;
				TARGETED_DEVICE_FAMILY = 1;
			};
			name = Release;
		};
/* End XCBuildConfiguration section */

/* Begin XCConfigurationList section */
		E52AE09A2920297200AA7361 /* Build configuration list for PBXProject "WeatherMe" */ = {
			isa = XCConfigurationList;
			buildConfigurations = (
				E52AE0B12920297500AA7361 /* Debug */,
				E52AE0B22920297500AA7361 /* Release */,
			);
			defaultConfigurationIsVisible = 0;
			defaultConfigurationName = Release;
		};
		E52AE0B32920297500AA7361 /* Build configuration list for PBXNativeTarget "WeatherMe" */ = {
			isa = XCConfigurationList;
			buildConfigurations = (
				E52AE0B42920297500AA7361 /* Debug */,
				E52AE0B52920297500AA7361 /* Release */,
			);
			defaultConfigurationIsVisible = 0;
			defaultConfigurationName = Release;
		};
/* End XCConfigurationList section */

/* Begin XCRemoteSwiftPackageReference section */
		E55BF037292044AD005CA6BB /* XCRemoteSwiftPackageReference "Moya" */ = {
			isa = XCRemoteSwiftPackageReference;
			repositoryURL = "https://github.com/Moya/Moya.git";
			requirement = {
				kind = versionRange;
				maximumVersion = 16.0.0;
				minimumVersion = 15.0.0;
			};
		};
		E58062312922FCFD0029C1F4 /* XCRemoteSwiftPackageReference "Kingfisher" */ = {
			isa = XCRemoteSwiftPackageReference;
			repositoryURL = "https://github.com/onevcat/Kingfisher.git";
			requirement = {
				kind = upToNextMajorVersion;
				minimumVersion = 7.0.0;
			};
		};
/* End XCRemoteSwiftPackageReference section */

/* Begin XCSwiftPackageProductDependency section */
		E55BF038292044AD005CA6BB /* Moya */ = {
			isa = XCSwiftPackageProductDependency;
			package = E55BF037292044AD005CA6BB /* XCRemoteSwiftPackageReference "Moya" */;
			productName = Moya;
		};
		E58062322922FCFD0029C1F4 /* Kingfisher */ = {
			isa = XCSwiftPackageProductDependency;
			package = E58062312922FCFD0029C1F4 /* XCRemoteSwiftPackageReference "Kingfisher" */;
			productName = Kingfisher;
		};
/* End XCSwiftPackageProductDependency section */
	};
	rootObject = E52AE0972920297200AA7361 /* Project object */;
}
